
Microsoft Visual Studio Solution File, Format Version 12.00
# Visual Studio Version 17
VisualStudioVersion = 17.13.35825.156 d17.13
MinimumVisualStudioVersion = 10.0.40219.1
Project("{FAE04EC0-301F-11D3-BF4B-00C04F79EFBC}") = "home_work_1", "home_work_1\home_work_1.csproj", "{FAF68FB3-89E3-4C6D-A1DC-0F6A89993ADF}"
EndProject
Global
	GlobalSection(SolutionConfigurationPlatforms) = preSolution
		Debug|Any CPU = Debug|Any CPU
		Release|Any CPU = Release|Any CPU
	EndGlobalSection
	GlobalSection(ProjectConfigurationPlatforms) = postSolution
		{FAF68FB3-89E3-4C6D-A1DC-0F6A89993ADF}.Debug|Any CPU.ActiveCfg = Debug|Any CPU
		{FAF68FB3-89E3-4C6D-A1DC-0F6A89993ADF}.Debug|Any CPU.Build.0 = Debug|Any CPU
		{FAF68FB3-89E3-4C6D-A1DC-0F6A89993ADF}.Release|Any CPU.ActiveCfg = Release|Any CPU
		{FAF68FB3-89E3-4C6D-A1DC-0F6A89993ADF}.Release|Any CPU.Build.0 = Release|Any CPU
	EndGlobalSection
	GlobalSection(SolutionProperties) = preSolution
		HideSolutionNode = FALSE
	EndGlobalSection
	GlobalSection(ExtensibilityGlobals) = postSolution
		SolutionGuid = {B4EF5BD3-1FBD-454F-BD03-FF39897CD567}
	EndGlobalSection
EndGlobal
